
Microsoft Visual Studio Solution File, Format Version 12.00
# Visual Studio Version 17
VisualStudioVersion = 17.14.36203.30 d17.14
MinimumVisualStudioVersion = 10.0.40219.1
Project("{FAE04EC0-301F-11D3-BF4B-00C04F79EFBC}") = "MathematicsLibrary", "MathematicsLibrary\MathematicsLibrary.csproj", "{EFC86E2C-1E0E-4040-9655-FEDC0C90B75B}"
EndProject
Global
	GlobalSection(SolutionConfigurationPlatforms) = preSolution
		Debug|Any CPU = Debug|Any CPU
		Release|Any CPU = Release|Any CPU
	EndGlobalSection
	GlobalSection(ProjectConfigurationPlatforms) = postSolution
		{EFC86E2C-1E0E-4040-9655-FEDC0C90B75B}.Debug|Any CPU.ActiveCfg = Debug|Any CPU
		{EFC86E2C-1E0E-4040-9655-FEDC0C90B75B}.Debug|Any CPU.Build.0 = Debug|Any CPU
		{EFC86E2C-1E0E-4040-9655-FEDC0C90B75B}.Release|Any CPU.ActiveCfg = Release|Any CPU
		{EFC86E2C-1E0E-4040-9655-FEDC0C90B75B}.Release|Any CPU.Build.0 = Release|Any CPU
	EndGlobalSection
	GlobalSection(SolutionProperties) = preSolution
		HideSolutionNode = FALSE
	EndGlobalSection
	GlobalSection(ExtensibilityGlobals) = postSolution
		SolutionGuid = {538A5886-E532-4235-9981-BE7F9931B355}
	EndGlobalSection
EndGlobal
